
Microsoft Visual Studio Solution File, Format Version 12.00
# Visual Studio Version 16
VisualStudioVersion = 16.0.33927.289
MinimumVisualStudioVersion = 10.0.40219.1
Project("{2150E333-8FDC-42A3-9474-1A3956D46DE8}") = "Task0", "Task0", "{7E2337C9-963D-4B1C-8FD1-F30AA1AC2EC4}"
EndProject
Project("{FAE04EC0-301F-11D3-BF4B-00C04F79EFBC}") = "Tyuiu.SavenkovaME.Sprint3.Task0.V12", "Tyuiu.SavenkovaME.Sprint3.Task0.V12\Tyuiu.SavenkovaME.Sprint3.Task0.V12.csproj", "{5B7429CA-DFC4-4F6C-A458-15260A1EE0F6}"
EndProject
Project("{FAE04EC0-301F-11D3-BF4B-00C04F79EFBC}") = "Tyuiu.SavenkovaME.Sprint3.Task0.V12.Lib", "Tyuiu.SavenkovaME.Sprint3.Task0.V12.Lib\Tyuiu.SavenkovaME.Sprint3.Task0.V12.Lib.csproj", "{3ED0F592-DB2A-47CE-B1E4-AD7416F32438}"
EndProject
Project("{FAE04EC0-301F-11D3-BF4B-00C04F79EFBC}") = "Tyuiu.SavenkovaME.Sprint3.Task0.V12.Test", "Tyuiu.SavenkovaME.Sprint3.Task0.V12.Test\Tyuiu.SavenkovaME.Sprint3.Task0.V12.Test.csproj", "{6335F42E-91CF-4F69-B88C-8038C840C01D}"
EndProject
Project("{2150E333-8FDC-42A3-9474-1A3956D46DE8}") = "Task1", "Task1", "{84CF92AF-EEA3-4DA0-86A5-E635D1EF018E}"
EndProject
Project("{FAE04EC0-301F-11D3-BF4B-00C04F79EFBC}") = "Tyuiu.SavenkovaME.Sprint3.Task1.V5", "Tyuiu.SavenkovaME.Sprint3.Task1.V5\Tyuiu.SavenkovaME.Sprint3.Task1.V5.csproj", "{C47C6118-E468-46BF-A7D5-D89BA226547B}"
EndProject
Project("{FAE04EC0-301F-11D3-BF4B-00C04F79EFBC}") = "Tyuiu.SavenkovaME.Sprint3.Task1.V5.Test", "Tyuiu.SavenkovaME.Sprint3.Task1.V5.Test\Tyuiu.SavenkovaME.Sprint3.Task1.V5.Test.csproj", "{6DB073C7-D3E6-441C-B381-BC37D1ACB919}"
EndProject
Project("{FAE04EC0-301F-11D3-BF4B-00C04F79EFBC}") = "Tyuiu.SavenkovaME.Sprint3.Task1.V5.Lib", "Tyuiu.SavenkovaME.Sprint3.Task1.V5.Lib\Tyuiu.SavenkovaME.Sprint3.Task1.V5.Lib.csproj", "{F0D82784-C3B5-4323-A1F6-DD590250B41F}"
EndProject
Project("{2150E333-8FDC-42A3-9474-1A3956D46DE8}") = "Task2", "Task2", "{EEB9E49E-6779-48EE-B0D3-6FF0E4D1D2AB}"
EndProject
Project("{FAE04EC0-301F-11D3-BF4B-00C04F79EFBC}") = "Tyuiu.SavenkovaME.Sprint3.Task2.V21", "Tyuiu.SavenkovaME.Sprint3.Task2.V21\Tyuiu.SavenkovaME.Sprint3.Task2.V21.csproj", "{BE77111D-2232-482A-9DBB-C0FBC706C3C5}"
EndProject
Project("{FAE04EC0-301F-11D3-BF4B-00C04F79EFBC}") = "Tyuiu.SavenkovaME.Sprint3.Task2.V21.Lib", "Tyuiu.SavenkovaME.Sprint3.Task2.V21.Lib\Tyuiu.SavenkovaME.Sprint3.Task2.V21.Lib.csproj", "{BB24B3BA-DE88-4BC6-96F1-23F8F97F234F}"
EndProject
Project("{FAE04EC0-301F-11D3-BF4B-00C04F79EFBC}") = "Tyuiu.SavenkovaME.Sprint3.Task2.V21.Test", "Tyuiu.SavenkovaME.Sprint3.Task2.V21.Test\Tyuiu.SavenkovaME.Sprint3.Task2.V21.Test.csproj", "{9D566AC5-4168-4C53-A12E-321EB64B2416}"
EndProject
Project("{2150E333-8FDC-42A3-9474-1A3956D46DE8}") = "Task3", "Task3", "{F3B5F6A9-B2BE-401A-81C2-459FE42085D2}"
EndProject
Project("{FAE04EC0-301F-11D3-BF4B-00C04F79EFBC}") = "Tyuiu.SavenkovaME.Sprint3.Task3.V4", "Tyuiu.SavenkovaME.Sprint3.Task3.V4\Tyuiu.SavenkovaME.Sprint3.Task3.V4.csproj", "{DB8CFED4-B9F0-4146-959A-E0DF2FC3FAEF}"
EndProject
Project("{FAE04EC0-301F-11D3-BF4B-00C04F79EFBC}") = "Tyuiu.SavenkovaME.Sprint3.Task3.V4.Lib", "Tyuiu.SavenkovaME.Sprint3.Task3.V4.Lib\Tyuiu.SavenkovaME.Sprint3.Task3.V4.Lib.csproj", "{167287AE-C786-40F4-8E4C-DF767D02ABF3}"
EndProject
Project("{FAE04EC0-301F-11D3-BF4B-00C04F79EFBC}") = "Tyuiu.SavenkovaME.Sprint3.Task3.V4.Test", "Tyuiu.SavenkovaME.Sprint3.Task3.V4.Test\Tyuiu.SavenkovaME.Sprint3.Task3.V4.Test.csproj", "{CC9F04B3-4016-4629-A3D2-AFC01223495B}"
EndProject
Project("{2150E333-8FDC-42A3-9474-1A3956D46DE8}") = "Task4", "Task4", "{4ED912BE-A924-436B-8993-D1DD7179051E}"
EndProject
Project("{FAE04EC0-301F-11D3-BF4B-00C04F79EFBC}") = "Tyuiu.SavenkovaME.Sprint3.Task4.V30", "Tyuiu.SavenkovaME.Sprint3.Task4.V30\Tyuiu.SavenkovaME.Sprint3.Task4.V30.csproj", "{769C5BE4-52E5-4AF5-A1A9-DB5F72EB34FC}"
EndProject
Project("{FAE04EC0-301F-11D3-BF4B-00C04F79EFBC}") = "Tyuiu.SavenkovaME.Sprint3.Task4.V30.Lib", "Tyuiu.SavenkovaME.Sprint3.Task4.V30.Lib\Tyuiu.SavenkovaME.Sprint3.Task4.V30.Lib.csproj", "{2386ECC2-BD72-484A-96BC-2362E1296D76}"
EndProject
Project("{FAE04EC0-301F-11D3-BF4B-00C04F79EFBC}") = "Tyuiu.SavenkovaME.Sprint3.Task4.V30.Test", "Tyuiu.SavenkovaME.Sprint3.Task4.V30.Test\Tyuiu.SavenkovaME.Sprint3.Task4.V30.Test.csproj", "{68CEC049-6BD0-4BB5-ACBB-22D21D82091C}"
EndProject
Global
	GlobalSection(SolutionConfigurationPlatforms) = preSolution
		Debug|Any CPU = Debug|Any CPU
		Release|Any CPU = Release|Any CPU
	EndGlobalSection
	GlobalSection(ProjectConfigurationPlatforms) = postSolution
		{5B7429CA-DFC4-4F6C-A458-15260A1EE0F6}.Debug|Any CPU.ActiveCfg = Debug|Any CPU
		{5B7429CA-DFC4-4F6C-A458-15260A1EE0F6}.Debug|Any CPU.Build.0 = Debug|Any CPU
		{5B7429CA-DFC4-4F6C-A458-15260A1EE0F6}.Release|Any CPU.ActiveCfg = Release|Any CPU
		{5B7429CA-DFC4-4F6C-A458-15260A1EE0F6}.Release|Any CPU.Build.0 = Release|Any CPU
		{3ED0F592-DB2A-47CE-B1E4-AD7416F32438}.Debug|Any CPU.ActiveCfg = Debug|Any CPU
		{3ED0F592-DB2A-47CE-B1E4-AD7416F32438}.Debug|Any CPU.Build.0 = Debug|Any CPU
		{3ED0F592-DB2A-47CE-B1E4-AD7416F32438}.Release|Any CPU.ActiveCfg = Release|Any CPU
		{3ED0F592-DB2A-47CE-B1E4-AD7416F32438}.Release|Any CPU.Build.0 = Release|Any CPU
		{6335F42E-91CF-4F69-B88C-8038C840C01D}.Debug|Any CPU.ActiveCfg = Debug|Any CPU
		{6335F42E-91CF-4F69-B88C-8038C840C01D}.Debug|Any CPU.Build.0 = Debug|Any CPU
		{6335F42E-91CF-4F69-B88C-8038C840C01D}.Release|Any CPU.ActiveCfg = Release|Any CPU
		{6335F42E-91CF-4F69-B88C-8038C840C01D}.Release|Any CPU.Build.0 = Release|Any CPU
		{C47C6118-E468-46BF-A7D5-D89BA226547B}.Debug|Any CPU.ActiveCfg = Debug|Any CPU
		{C47C6118-E468-46BF-A7D5-D89BA226547B}.Debug|Any CPU.Build.0 = Debug|Any CPU
		{C47C6118-E468-46BF-A7D5-D89BA226547B}.Release|Any CPU.ActiveCfg = Release|Any CPU
		{C47C6118-E468-46BF-A7D5-D89BA226547B}.Release|Any CPU.Build.0 = Release|Any CPU
		{6DB073C7-D3E6-441C-B381-BC37D1ACB919}.Debug|Any CPU.ActiveCfg = Debug|Any CPU
		{6DB073C7-D3E6-441C-B381-BC37D1ACB919}.Debug|Any CPU.Build.0 = Debug|Any CPU
		{6DB073C7-D3E6-441C-B381-BC37D1ACB919}.Release|Any CPU.ActiveCfg = Release|Any CPU
		{6DB073C7-D3E6-441C-B381-BC37D1ACB919}.Release|Any CPU.Build.0 = Release|Any CPU
		{F0D82784-C3B5-4323-A1F6-DD590250B41F}.Debug|Any CPU.ActiveCfg = Debug|Any CPU
		{F0D82784-C3B5-4323-A1F6-DD590250B41F}.Debug|Any CPU.Build.0 = Debug|Any CPU
		{F0D82784-C3B5-4323-A1F6-DD590250B41F}.Release|Any CPU.ActiveCfg = Release|Any CPU
		{F0D82784-C3B5-4323-A1F6-DD590250B41F}.Release|Any CPU.Build.0 = Release|Any CPU
		{BE77111D-2232-482A-9DBB-C0FBC706C3C5}.Debug|Any CPU.ActiveCfg = Debug|Any CPU
		{BE77111D-2232-482A-9DBB-C0FBC706C3C5}.Debug|Any CPU.Build.0 = Debug|Any CPU
		{BE77111D-2232-482A-9DBB-C0FBC706C3C5}.Release|Any CPU.ActiveCfg = Release|Any CPU
		{BE77111D-2232-482A-9DBB-C0FBC706C3C5}.Release|Any CPU.Build.0 = Release|Any CPU
		{BB24B3BA-DE88-4BC6-96F1-23F8F97F234F}.Debug|Any CPU.ActiveCfg = Debug|Any CPU
		{BB24B3BA-DE88-4BC6-96F1-23F8F97F234F}.Debug|Any CPU.Build.0 = Debug|Any CPU
		{BB24B3BA-DE88-4BC6-96F1-23F8F97F234F}.Release|Any CPU.ActiveCfg = Release|Any CPU
		{BB24B3BA-DE88-4BC6-96F1-23F8F97F234F}.Release|Any CPU.Build.0 = Release|Any CPU
		{9D566AC5-4168-4C53-A12E-321EB64B2416}.Debug|Any CPU.ActiveCfg = Debug|Any CPU
		{9D566AC5-4168-4C53-A12E-321EB64B2416}.Debug|Any CPU.Build.0 = Debug|Any CPU
		{9D566AC5-4168-4C53-A12E-321EB64B2416}.Release|Any CPU.ActiveCfg = Release|Any CPU
		{9D566AC5-4168-4C53-A12E-321EB64B2416}.Release|Any CPU.Build.0 = Release|Any CPU
		{DB8CFED4-B9F0-4146-959A-E0DF2FC3FAEF}.Debug|Any CPU.ActiveCfg = Debug|Any CPU
		{DB8CFED4-B9F0-4146-959A-E0DF2FC3FAEF}.Debug|Any CPU.Build.0 = Debug|Any CPU
		{DB8CFED4-B9F0-4146-959A-E0DF2FC3FAEF}.Release|Any CPU.ActiveCfg = Release|Any CPU
		{DB8CFED4-B9F0-4146-959A-E0DF2FC3FAEF}.Release|Any CPU.Build.0 = Release|Any CPU
		{167287AE-C786-40F4-8E4C-DF767D02ABF3}.Debug|Any CPU.ActiveCfg = Debug|Any CPU
		{167287AE-C786-40F4-8E4C-DF767D02ABF3}.Debug|Any CPU.Build.0 = Debug|Any CPU
		{167287AE-C786-40F4-8E4C-DF767D02ABF3}.Release|Any CPU.ActiveCfg = Release|Any CPU
		{167287AE-C786-40F4-8E4C-DF767D02ABF3}.Release|Any CPU.Build.0 = Release|Any CPU
		{CC9F04B3-4016-4629-A3D2-AFC01223495B}.Debug|Any CPU.ActiveCfg = Debug|Any CPU
		{CC9F04B3-4016-4629-A3D2-AFC01223495B}.Debug|Any CPU.Build.0 = Debug|Any CPU
		{CC9F04B3-4016-4629-A3D2-AFC01223495B}.Release|Any CPU.ActiveCfg = Release|Any CPU
		{CC9F04B3-4016-4629-A3D2-AFC01223495B}.Release|Any CPU.Build.0 = Release|Any CPU
		{769C5BE4-52E5-4AF5-A1A9-DB5F72EB34FC}.Debug|Any CPU.ActiveCfg = Debug|Any CPU
		{769C5BE4-52E5-4AF5-A1A9-DB5F72EB34FC}.Debug|Any CPU.Build.0 = Debug|Any CPU
		{769C5BE4-52E5-4AF5-A1A9-DB5F72EB34FC}.Release|Any CPU.ActiveCfg = Release|Any CPU
		{769C5BE4-52E5-4AF5-A1A9-DB5F72EB34FC}.Release|Any CPU.Build.0 = Release|Any CPU
		{2386ECC2-BD72-484A-96BC-2362E1296D76}.Debug|Any CPU.ActiveCfg = Debug|Any CPU
		{2386ECC2-BD72-484A-96BC-2362E1296D76}.Debug|Any CPU.Build.0 = Debug|Any CPU
		{2386ECC2-BD72-484A-96BC-2362E1296D76}.Release|Any CPU.ActiveCfg = Release|Any CPU
		{2386ECC2-BD72-484A-96BC-2362E1296D76}.Release|Any CPU.Build.0 = Release|Any CPU
		{68CEC049-6BD0-4BB5-ACBB-22D21D82091C}.Debug|Any CPU.ActiveCfg = Debug|Any CPU
		{68CEC049-6BD0-4BB5-ACBB-22D21D82091C}.Debug|Any CPU.Build.0 = Debug|Any CPU
		{68CEC049-6BD0-4BB5-ACBB-22D21D82091C}.Release|Any CPU.ActiveCfg = Release|Any CPU
		{68CEC049-6BD0-4BB5-ACBB-22D21D82091C}.Release|Any CPU.Build.0 = Release|Any CPU
	EndGlobalSection
	GlobalSection(SolutionProperties) = preSolution
		HideSolutionNode = FALSE
	EndGlobalSection
	GlobalSection(NestedProjects) = preSolution
		{5B7429CA-DFC4-4F6C-A458-15260A1EE0F6} = {7E2337C9-963D-4B1C-8FD1-F30AA1AC2EC4}
		{3ED0F592-DB2A-47CE-B1E4-AD7416F32438} = {7E2337C9-963D-4B1C-8FD1-F30AA1AC2EC4}
		{6335F42E-91CF-4F69-B88C-8038C840C01D} = {7E2337C9-963D-4B1C-8FD1-F30AA1AC2EC4}
		{C47C6118-E468-46BF-A7D5-D89BA226547B} = {84CF92AF-EEA3-4DA0-86A5-E635D1EF018E}
		{6DB073C7-D3E6-441C-B381-BC37D1ACB919} = {84CF92AF-EEA3-4DA0-86A5-E635D1EF018E}
		{F0D82784-C3B5-4323-A1F6-DD590250B41F} = {84CF92AF-EEA3-4DA0-86A5-E635D1EF018E}
		{BE77111D-2232-482A-9DBB-C0FBC706C3C5} = {EEB9E49E-6779-48EE-B0D3-6FF0E4D1D2AB}
		{BB24B3BA-DE88-4BC6-96F1-23F8F97F234F} = {EEB9E49E-6779-48EE-B0D3-6FF0E4D1D2AB}
		{9D566AC5-4168-4C53-A12E-321EB64B2416} = {EEB9E49E-6779-48EE-B0D3-6FF0E4D1D2AB}
		{DB8CFED4-B9F0-4146-959A-E0DF2FC3FAEF} = {F3B5F6A9-B2BE-401A-81C2-459FE42085D2}
		{167287AE-C786-40F4-8E4C-DF767D02ABF3} = {F3B5F6A9-B2BE-401A-81C2-459FE42085D2}
		{CC9F04B3-4016-4629-A3D2-AFC01223495B} = {F3B5F6A9-B2BE-401A-81C2-459FE42085D2}
		{769C5BE4-52E5-4AF5-A1A9-DB5F72EB34FC} = {4ED912BE-A924-436B-8993-D1DD7179051E}
		{2386ECC2-BD72-484A-96BC-2362E1296D76} = {4ED912BE-A924-436B-8993-D1DD7179051E}
		{68CEC049-6BD0-4BB5-ACBB-22D21D82091C} = {4ED912BE-A924-436B-8993-D1DD7179051E}
	EndGlobalSection
	GlobalSection(ExtensibilityGlobals) = postSolution
		SolutionGuid = {319323FC-842B-4074-B378-55EA1B81241F}
	EndGlobalSection
EndGlobal
